
Microsoft Visual Studio Solution File, Format Version 12.00
# Visual Studio Version 16
VisualStudioVersion = 16.0.31702.278
MinimumVisualStudioVersion = 10.0.40219.1
Project("{FAE04EC0-301F-11D3-BF4B-00C04F79EFBC}") = "Semenar6_CSharp_Start", "Semenar6_CSharp_Start.csproj", "{769D77FE-1603-4965-8439-659A86121E98}"
EndProject
Global
	GlobalSection(SolutionConfigurationPlatforms) = preSolution
		Debug|Any CPU = Debug|Any CPU
		Release|Any CPU = Release|Any CPU
	EndGlobalSection
	GlobalSection(ProjectConfigurationPlatforms) = postSolution
		{769D77FE-1603-4965-8439-659A86121E98}.Debug|Any CPU.ActiveCfg = Debug|Any CPU
		{769D77FE-1603-4965-8439-659A86121E98}.Debug|Any CPU.Build.0 = Debug|Any CPU
		{769D77FE-1603-4965-8439-659A86121E98}.Release|Any CPU.ActiveCfg = Release|Any CPU
		{769D77FE-1603-4965-8439-659A86121E98}.Release|Any CPU.Build.0 = Release|Any CPU
	EndGlobalSection
	GlobalSection(SolutionProperties) = preSolution
		HideSolutionNode = FALSE
	EndGlobalSection
	GlobalSection(ExtensibilityGlobals) = postSolution
		SolutionGuid = {CF03E86A-2F01-41F7-8DBF-E50E256EA0A9}
	EndGlobalSection
EndGlobal
